
Microsoft Visual Studio Solution File, Format Version 12.00
# Visual Studio Version 16
VisualStudioVersion = 16.0.31424.327
MinimumVisualStudioVersion = 10.0.40219.1
Project("{FAE04EC0-301F-11D3-BF4B-00C04F79EFBC}") = "CaesarCipher", "CaesarCipher\CaesarCipher.csproj", "{BF1BE7C7-AC6C-4A75-9E57-40600ABB9834}"
EndProject
Global
	GlobalSection(SolutionConfigurationPlatforms) = preSolution
		Debug|Any CPU = Debug|Any CPU
		Release|Any CPU = Release|Any CPU
	EndGlobalSection
	GlobalSection(ProjectConfigurationPlatforms) = postSolution
		{BF1BE7C7-AC6C-4A75-9E57-40600ABB9834}.Debug|Any CPU.ActiveCfg = Debug|Any CPU
		{BF1BE7C7-AC6C-4A75-9E57-40600ABB9834}.Debug|Any CPU.Build.0 = Debug|Any CPU
		{BF1BE7C7-AC6C-4A75-9E57-40600ABB9834}.Release|Any CPU.ActiveCfg = Release|Any CPU
		{BF1BE7C7-AC6C-4A75-9E57-40600ABB9834}.Release|Any CPU.Build.0 = Release|Any CPU
	EndGlobalSection
	GlobalSection(SolutionProperties) = preSolution
		HideSolutionNode = FALSE
	EndGlobalSection
	GlobalSection(ExtensibilityGlobals) = postSolution
		SolutionGuid = {947246B8-DCCA-4A03-BB65-5048D08AD83E}
	EndGlobalSection
EndGlobal
